
Microsoft Visual Studio Solution File, Format Version 12.00
# Visual Studio Version 16
VisualStudioVersion = 16.0.808.4
MinimumVisualStudioVersion = 10.0.40219.1
Project("{9344BDBB-3E7F-41FC-A0DD-8665D75EE146}") = "my_website", "my_website.mdproj", "{79F7259E-56FF-402A-AEF8-8B594C615BD8}"
EndProject
Global
	GlobalSection(SolutionConfigurationPlatforms) = preSolution
		Default|Any CPU = Default|Any CPU
	EndGlobalSection
	GlobalSection(ProjectConfigurationPlatforms) = postSolution
		{79F7259E-56FF-402A-AEF8-8B594C615BD8}.Default|Any CPU.ActiveCfg = Default|Any CPU
		{79F7259E-56FF-402A-AEF8-8B594C615BD8}.Default|Any CPU.Build.0 = Default|Any CPU
	EndGlobalSection
	GlobalSection(SolutionProperties) = preSolution
		HideSolutionNode = FALSE
	EndGlobalSection
	GlobalSection(ExtensibilityGlobals) = postSolution
		SolutionGuid = {DB284AD7-6818-4035-A044-67B7E95D911B}
	EndGlobalSection
EndGlobal
